hash: d34eb7f737cd99e3f3e5b376aecddc9cb7a15001b0ed2f287f68f0e561f9fa0b
updated: 2016-04-19T22:14:48.003008445+02:00
imports:
- name: github.com/fatih/color
  version: 533cd7fd8a85905f67a1753afb4deddc85ea174f
- name: github.com/jawher/mow.cli
  version: 772320464101e904cd51198160eb4d489be9cc49
- name: github.com/jhoonb/archivex
  version: 333107c714224dd425951d488a51a03a42592fd8
- name: github.com/mattn/go-isatty
  version: 56b76bdf51f7708750eac80fa38b952bb9f32639
- name: github.com/Songmu/prompter
  version: f49666b0047d12850875d771340e1d862d9e7a0c
- name: golang.org/x/crypto
  version: 2f6fccd33b9b1fc23ebb73ad4890698820f7174d
  subpackages:
  - ssh/terminal
- name: golang.org/x/sys
  version: f64b50fbea64174967a8882830d621a18ee1548e
  subpackages:
  - unix
- name: gopkg.in/yaml.v2
  version: a83829b6f1293c91addabc89d0571c246397bbf4
devImports: []
